// !$*UTF8*$!
{
	archiveVersion = 1;
	classes = {
	};
	objectVersion = 50;
	objects = {

/* Begin PBXBuildFile section */
		4186631326ECFA3A0088C28D /* AppDelegate.swift in Sources */ = {isa = PBXBuildFile; fileRef = 4186631226ECFA3A0088C28D /* AppDelegate.swift */; };
		4186631726ECFA3A0088C28D /* ViewController.swift in Sources */ = {isa = PBXBuildFile; fileRef = 4186631626ECFA3A0088C28D /* ViewController.swift */; };
		4186631A26ECFA3A0088C28D /* Main.storyboard in Resources */ = {isa = PBXBuildFile; fileRef = 4186631826ECFA3A0088C28D /* Main.storyboard */; };
		4186631C26ECFA3C0088C28D /* Assets.xcassets in Resources */ = {isa = PBXBuildFile; fileRef = 4186631B26ECFA3C0088C28D /* Assets.xcassets */; };
		4186631F26ECFA3C0088C28D /* LaunchScreen.storyboard in Resources */ = {isa = PBXBuildFile; fileRef = 4186631D26ECFA3C0088C28D /* LaunchScreen.storyboard */; };
		4186632F26ECFB810088C28D /* Localizer.swift in Sources */ = {isa = PBXBuildFile; fileRef = 4186632E26ECFB810088C28D /* Localizer.swift */; };
		4186633126ED02CD0088C28D /* SceneDelegate.swift in Sources */ = {isa = PBXBuildFile; fileRef = 4186633026ED02CD0088C28D /* SceneDelegate.swift */; };
		4186633D26ED18EB0088C28D /* Constants.swift in Sources */ = {isa = PBXBuildFile; fileRef = 4186633C26ED18EB0088C28D /* Constants.swift */; };
		4186633F26ED191E0088C28D /* UserDefaultsManager.swift in Sources */ = {isa = PBXBuildFile; fileRef = 4186633E26ED191E0088C28D /* UserDefaultsManager.swift */; };
		4186634726ED1F520088C28D /* String+Extensions.swift in Sources */ = {isa = PBXBuildFile; fileRef = 4186634626ED1F520088C28D /* String+Extensions.swift */; };
		4186634B26ED1F810088C28D /* Localizable.strings in Resources */ = {isa = PBXBuildFile; fileRef = 4186634D26ED1F810088C28D /* Localizable.strings */; };
		4186635026ED20830088C28D /* Language.swift in Sources */ = {isa = PBXBuildFile; fileRef = 4186634F26ED20830088C28D /* Language.swift */; };
		4186635226ED22310088C28D /* UIViewController+Extensions.swift in Sources */ = {isa = PBXBuildFile; fileRef = 4186635126ED22310088C28D /* UIViewController+Extensions.swift */; };
/* End PBXBuildFile section */

/* Begin PBXFileReference section */
		4186630F26ECFA3A0088C28D /* Localization-Example.app */ = {isa = PBXFileReference; explicitFileType = wrapper.application; includeInIndex = 0; path = "Localization-Example.app"; sourceTree = BUILT_PRODUCTS_DIR; };
		4186631226ECFA3A0088C28D /* AppDelegate.swift */ = {isa = PBXFileReference; lastKnownFileType = sourcecode.swift; path = AppDelegate.swift; sourceTree = "<group>"; };
		4186631626ECFA3A0088C28D /* ViewController.swift */ = {isa = PBXFileReference; lastKnownFileType = sourcecode.swift; path = ViewController.swift; sourceTree = "<group>"; };
		4186631926ECFA3A0088C28D /* Base */ = {isa = PBXFileReference; lastKnownFileType = file.storyboard; name = Base; path = Base.lproj/Main.storyboard; sourceTree = "<group>"; };
		4186631B26ECFA3C0088C28D /* Assets.xcassets */ = {isa = PBXFileReference; lastKnownFileType = folder.assetcatalog; path = Assets.xcassets; sourceTree = "<group>"; };
		4186631E26ECFA3C0088C28D /* Base */ = {isa = PBXFileReference; lastKnownFileType = file.storyboard; name = Base; path = Base.lproj/LaunchScreen.storyboard; sourceTree = "<group>"; };
		4186632026ECFA3C0088C28D /* Info.plist */ = {isa = PBXFileReference; lastKnownFileType = text.plist.xml; path = Info.plist; sourceTree = "<group>"; };
		4186632E26ECFB810088C28D /* Localizer.swift */ = {isa = PBXFileReference; lastKnownFileType = sourcecode.swift; path = Localizer.swift; sourceTree = "<group>"; };
		4186633026ED02CD0088C28D /* SceneDelegate.swift */ = {isa = PBXFileReference; fileEncoding = 4; lastKnownFileType = sourcecode.swift; path = SceneDelegate.swift; sourceTree = "<group>"; };
		4186633426ED07930088C28D /* ar */ = {isa = PBXFileReference; lastKnownFileType = text.plist.strings; name = ar; path = ar.lproj/Main.strings; sourceTree = "<group>"; };
		4186633526ED07930088C28D /* ar */ = {isa = PBXFileReference; lastKnownFileType = text.plist.strings; name = ar; path = ar.lproj/LaunchScreen.strings; sourceTree = "<group>"; };
		4186633C26ED18EB0088C28D /* Constants.swift */ = {isa = PBXFileReference; lastKnownFileType = sourcecode.swift; path = Constants.swift; sourceTree = "<group>"; };
		4186633E26ED191E0088C28D /* UserDefaultsManager.swift */ = {isa = PBXFileReference; lastKnownFileType = sourcecode.swift; path = UserDefaultsManager.swift; sourceTree = "<group>"; };
		4186634626ED1F520088C28D /* String+Extensions.swift */ = {isa = PBXFileReference; lastKnownFileType = sourcecode.swift; path = "String+Extensions.swift"; sourceTree = "<group>"; };
		4186634C26ED1F810088C28D /* en */ = {isa = PBXFileReference; lastKnownFileType = text.plist.strings; name = en; path = en.lproj/Localizable.strings; sourceTree = "<group>"; };
		4186634E26ED1F850088C28D /* ar */ = {isa = PBXFileReference; lastKnownFileType = text.plist.strings; name = ar; path = ar.lproj/Localizable.strings; sourceTree = "<group>"; };
		4186634F26ED20830088C28D /* Language.swift */ = {isa = PBXFileReference; lastKnownFileType = sourcecode.swift; path = Language.swift; sourceTree = "<group>"; };
		4186635126ED22310088C28D /* UIViewController+Extensions.swift */ = {isa = PBXFileReference; lastKnownFileType = sourcecode.swift; path = "UIViewController+Extensions.swift"; sourceTree = "<group>"; };
/* End PBXFileReference section */

/* Begin PBXFrameworksBuildPhase section */
		4186630C26ECFA3A0088C28D /* Frameworks */ = {
			isa = PBXFrameworksBuildPhase;
			buildActionMask = 2147483647;
			files = (
			);
			runOnlyForDeploymentPostprocessing = 0;
		};
/* End PBXFrameworksBuildPhase section */

/* Begin PBXGroup section */
		4186630626ECFA3A0088C28D = {
			isa = PBXGroup;
			children = (
				4186631126ECFA3A0088C28D /* Localization-Example */,
				4186631026ECFA3A0088C28D /* Products */,
			);
			sourceTree = "<group>";
		};
		4186631026ECFA3A0088C28D /* Products */ = {
			isa = PBXGroup;
			children = (
				4186630F26ECFA3A0088C28D /* Localization-Example.app */,
			);
			name = Products;
			sourceTree = "<group>";
		};
		4186631126ECFA3A0088C28D /* Localization-Example */ = {
			isa = PBXGroup;
			children = (
				4186631226ECFA3A0088C28D /* AppDelegate.swift */,
				4186633026ED02CD0088C28D /* SceneDelegate.swift */,
				4186634826ED1F5A0088C28D /* Localization */,
				4186634126ED1EC90088C28D /* View */,
				4186634226ED1ED20088C28D /* Controller */,
				4186634326ED1ED80088C28D /* Extensions */,
				4186634026ED1EB10088C28D /* Utilities */,
				4186634426ED1EE00088C28D /* Helpers */,
				4186631B26ECFA3C0088C28D /* Assets.xcassets */,
				4186632026ECFA3C0088C28D /* Info.plist */,
			);
			path = "Localization-Example";
			sourceTree = "<group>";
		};
		4186634026ED1EB10088C28D /* Utilities */ = {
			isa = PBXGroup;
			children = (
				4186633C26ED18EB0088C28D /* Constants.swift */,
				4186633E26ED191E0088C28D /* UserDefaultsManager.swift */,
			);
			path = Utilities;
			sourceTree = "<group>";
		};
		4186634126ED1EC90088C28D /* View */ = {
			isa = PBXGroup;
			children = (
				4186631D26ECFA3C0088C28D /* LaunchScreen.storyboard */,
				4186631826ECFA3A0088C28D /* Main.storyboard */,
			);
			name = View;
			sourceTree = "<group>";
		};
		4186634226ED1ED20088C28D /* Controller */ = {
			isa = PBXGroup;
			children = (
				4186631626ECFA3A0088C28D /* ViewController.swift */,
			);
			path = Controller;
			sourceTree = "<group>";
		};
		4186634326ED1ED80088C28D /* Extensions */ = {
			isa = PBXGroup;
			children = (
				4186634626ED1F520088C28D /* String+Extensions.swift */,
				4186635126ED22310088C28D /* UIViewController+Extensions.swift */,
			);
			path = Extensions;
			sourceTree = "<group>";
		};
		4186634426ED1EE00088C28D /* Helpers */ = {
			isa = PBXGroup;
			children = (
				4186634F26ED20830088C28D /* Language.swift */,
				4186632E26ECFB810088C28D /* Localizer.swift */,
			);
			path = Helpers;
			sourceTree = "<group>";
		};
		4186634826ED1F5A0088C28D /* Localization */ = {
			isa = PBXGroup;
			children = (
				4186634D26ED1F810088C28D /* Localizable.strings */,
			);
			path = Localization;
			sourceTree = "<group>";
		};
/* End PBXGroup section */

/* Begin PBXNativeTarget section */
		4186630E26ECFA3A0088C28D /* Localization-Example */ = {
			isa = PBXNativeTarget;
			buildConfigurationList = 4186632326ECFA3C0088C28D /* Build configuration list for PBXNativeTarget "Localization-Example" */;
			buildPhases = (
				4186630B26ECFA3A0088C28D /* Sources */,
				4186630C26ECFA3A0088C28D /* Frameworks */,
				4186630D26ECFA3A0088C28D /* Resources */,
			);
			buildRules = (
			);
			dependencies = (
			);
			name = "Localization-Example";
			productName = "Localization-Example";
			productReference = 4186630F26ECFA3A0088C28D /* Localization-Example.app */;
			productType = "com.apple.product-type.application";
		};
/* End PBXNativeTarget section */

/* Begin PBXProject section */
		4186630726ECFA3A0088C28D /* Project object */ = {
			isa = PBXProject;
			attributes = {
				LastSwiftUpdateCheck = 1250;
				LastUpgradeCheck = 1250;
				TargetAttributes = {
					4186630E26ECFA3A0088C28D = {
						CreatedOnToolsVersion = 12.5.1;
					};
				};
			};
			buildConfigurationList = 4186630A26ECFA3A0088C28D /* Build configuration list for PBXProject "Localization-Example" */;
			compatibilityVersion = "Xcode 9.3";
			developmentRegion = en;
			hasScannedForEncodings = 0;
			knownRegions = (
				en,
				Base,
				ar,
			);
			mainGroup = 4186630626ECFA3A0088C28D;
			productRefGroup = 4186631026ECFA3A0088C28D /* Products */;
			projectDirPath = "";
			projectRoot = "";
			targets = (
				4186630E26ECFA3A0088C28D /* Localization-Example */,
			);
		};
/* End PBXProject section */

/* Begin PBXResourcesBuildPhase section */
		4186630D26ECFA3A0088C28D /* Resources */ = {
			isa = PBXResourcesBuildPhase;
			buildActionMask = 2147483647;
			files = (
				4186631F26ECFA3C0088C28D /* LaunchScreen.storyboard in Resources */,
				4186634B26ED1F810088C28D /* Localizable.strings in Resources */,
				4186631C26ECFA3C0088C28D /* Assets.xcassets in Resources */,
				4186631A26ECFA3A0088C28D /* Main.storyboard in Resources */,
			);
			runOnlyForDeploymentPostprocessing = 0;
		};
/* End PBXResourcesBuildPhase section */

/* Begin PBXSourcesBuildPhase section */
		4186630B26ECFA3A0088C28D /* Sources */ = {
			isa = PBXSourcesBuildPhase;
			buildActionMask = 2147483647;
			files = (
				4186633D26ED18EB0088C28D /* Constants.swift in Sources */,
				4186634726ED1F520088C28D /* String+Extensions.swift in Sources */,
				4186631726ECFA3A0088C28D /* ViewController.swift in Sources */,
				4186633F26ED191E0088C28D /* UserDefaultsManager.swift in Sources */,
				4186635226ED22310088C28D /* UIViewController+Extensions.swift in Sources */,
				4186631326ECFA3A0088C28D /* AppDelegate.swift in Sources */,
				4186632F26ECFB810088C28D /* Localizer.swift in Sources */,
				4186633126ED02CD0088C28D /* SceneDelegate.swift in Sources */,
				4186635026ED20830088C28D /* Language.swift in Sources */,
			);
			runOnlyForDeploymentPostprocessing = 0;
		};
/* End PBXSourcesBuildPhase section */

/* Begin PBXVariantGroup section */
		4186631826ECFA3A0088C28D /* Main.storyboard */ = {
			isa = PBXVariantGroup;
			children = (
				4186631926ECFA3A0088C28D /* Base */,
				4186633426ED07930088C28D /* ar */,
			);
			name = Main.storyboard;
			sourceTree = "<group>";
		};
		4186631D26ECFA3C0088C28D /* LaunchScreen.storyboard */ = {
			isa = PBXVariantGroup;
			children = (
				4186631E26ECFA3C0088C28D /* Base */,
				4186633526ED07930088C28D /* ar */,
			);
			name = LaunchScreen.storyboard;
			sourceTree = "<group>";
		};
		4186634D26ED1F810088C28D /* Localizable.strings */ = {
			isa = PBXVariantGroup;
			children = (
				4186634C26ED1F810088C28D /* en */,
				4186634E26ED1F850088C28D /* ar */,
			);
			name = Localizable.strings;
			sourceTree = "<group>";
		};
/* End PBXVariantGroup section */

/* Begin XCBuildConfiguration section */
		4186632126ECFA3C0088C28D /* Debug */ = {
			isa = XCBuildConfiguration;
			buildSettings = {
				ALWAYS_SEARCH_USER_PATHS = NO;
				CLANG_ANALYZER_LOCALIZABILITY_NONLOCALIZED = YES;
				CLANG_ANALYZER_NONNULL = YES;
				CLANG_ANALYZER_NUMBER_OBJECT_CONVERSION = YES_AGGRESSIVE;
				CLANG_CXX_LANGUAGE_STANDARD = "gnu++14";
				CLANG_CXX_LIBRARY = "libc++";
				CLANG_ENABLE_MODULES = YES;
				CLANG_ENABLE_OBJC_ARC = YES;
				CLANG_ENABLE_OBJC_WEAK = YES;
				CLANG_WARN_BLOCK_CAPTURE_AUTORELEASING = YES;
				CLANG_WARN_BOOL_CONVERSION = YES;
				CLANG_WARN_COMMA = YES;
				CLANG_WARN_CONSTANT_CONVERSION = YES;
				CLANG_WARN_DEPRECATED_OBJC_IMPLEMENTATIONS = YES;
				CLANG_WARN_DIRECT_OBJC_ISA_USAGE = YES_ERROR;
				CLANG_WARN_DOCUMENTATION_COMMENTS = YES;
				CLANG_WARN_EMPTY_BODY = YES;
				CLANG_WARN_ENUM_CONVERSION = YES;
				CLANG_WARN_INFINITE_RECURSION = YES;
				CLANG_WARN_INT_CONVERSION = YES;
				CLANG_WARN_NON_LITERAL_NULL_CONVERSION = YES;
				CLANG_WARN_OBJC_IMPLICIT_RETAIN_SELF = YES;
				CLANG_WARN_OBJC_LITERAL_CONVERSION = YES;
				CLANG_WARN_OBJC_ROOT_CLASS = YES_ERROR;
				CLANG_WARN_QUOTED_INCLUDE_IN_FRAMEWORK_HEADER = YES;
				CLANG_WARN_RANGE_LOOP_ANALYSIS = YES;
				CLANG_WARN_STRICT_PROTOTYPES = YES;
				CLANG_WARN_SUSPICIOUS_MOVE = YES;
				CLANG_WARN_UNGUARDED_AVAILABILITY = YES_AGGRESSIVE;
				CLANG_WARN_UNREACHABLE_CODE = YES;
				CLANG_WARN__DUPLICATE_METHOD_MATCH = YES;
				COPY_PHASE_STRIP = NO;
				DEBUG_INFORMATION_FORMAT = dwarf;
				ENABLE_STRICT_OBJC_MSGSEND = YES;
				ENABLE_TESTABILITY = YES;
				GCC_C_LANGUAGE_STANDARD = gnu11;
				GCC_DYNAMIC_NO_PIC = NO;
				GCC_NO_COMMON_BLOCKS = YES;
				GCC_OPTIMIZATION_LEVEL = 0;
				GCC_PREPROCESSOR_DEFINITIONS = (
					"DEBUG=1",
					"$(inherited)",
				);
				GCC_WARN_64_TO_32_BIT_CONVERSION = YES;
				GCC_WARN_ABOUT_RETURN_TYPE = YES_ERROR;
				GCC_WARN_UNDECLARED_SELECTOR = YES;
				GCC_WARN_UNINITIALIZED_AUTOS = YES_AGGRESSIVE;
				GCC_WARN_UNUSED_FUNCTION = YES;
				GCC_WARN_UNUSED_VARIABLE = YES;
				IPHONEOS_DEPLOYMENT_TARGET = 14.5;
				MTL_ENABLE_DEBUG_INFO = INCLUDE_SOURCE;
				MTL_FAST_MATH = YES;
				ONLY_ACTIVE_ARCH = YES;
				SDKROOT = iphoneos;
				SWIFT_ACTIVE_COMPILATION_CONDITIONS = DEBUG;
				SWIFT_OPTIMIZATION_LEVEL = "-Onone";
			};
			name = Debug;
		};
		4186632226ECFA3C0088C28D /* Release */ = {
			isa = XCBuildConfiguration;
			buildSettings = {
				ALWAYS_SEARCH_USER_PATHS = NO;
				CLANG_ANALYZER_LOCALIZABILITY_NONLOCALIZED = YES;
				CLANG_ANALYZER_NONNULL = YES;
				CLANG_ANALYZER_NUMBER_OBJECT_CONVERSION = YES_AGGRESSIVE;
				CLANG_CXX_LANGUAGE_STANDARD = "gnu++14";
				CLANG_CXX_LIBRARY = "libc++";
				CLANG_ENABLE_MODULES = YES;
				CLANG_ENABLE_OBJC_ARC = YES;
				CLANG_ENABLE_OBJC_WEAK = YES;
				CLANG_WARN_BLOCK_CAPTURE_AUTORELEASING = YES;
				CLANG_WARN_BOOL_CONVERSION = YES;
				CLANG_WARN_COMMA = YES;
				CLANG_WARN_CONSTANT_CONVERSION = YES;
				CLANG_WARN_DEPRECATED_OBJC_IMPLEMENTATIONS = YES;
				CLANG_WARN_DIRECT_OBJC_ISA_USAGE = YES_ERROR;
				CLANG_WARN_DOCUMENTATION_COMMENTS = YES;
				CLANG_WARN_EMPTY_BODY = YES;
				CLANG_WARN_ENUM_CONVERSION = YES;
				CLANG_WARN_INFINITE_RECURSION = YES;
				CLANG_WARN_INT_CONVERSION = YES;
				CLANG_WARN_NON_LITERAL_NULL_CONVERSION = YES;
				CLANG_WARN_OBJC_IMPLICIT_RETAIN_SELF = YES;
				CLANG_WARN_OBJC_LITERAL_CONVERSION = YES;
				CLANG_WARN_OBJC_ROOT_CLASS = YES_ERROR;
				CLANG_WARN_QUOTED_INCLUDE_IN_FRAMEWORK_HEADER = YES;
				CLANG_WARN_RANGE_LOOP_ANALYSIS = YES;
				CLANG_WARN_STRICT_PROTOTYPES = YES;
				CLANG_WARN_SUSPICIOUS_MOVE = YES;
				CLANG_WARN_UNGUARDED_AVAILABILITY = YES_AGGRESSIVE;
				CLANG_WARN_UNREACHABLE_CODE = YES;
				CLANG_WARN__DUPLICATE_METHOD_MATCH = YES;
				COPY_PHASE_STRIP = NO;
				DEBUG_INFORMATION_FORMAT = "dwarf-with-dsym";
				ENABLE_NS_ASSERTIONS = NO;
				ENABLE_STRICT_OBJC_MSGSEND = YES;
				GCC_C_LANGUAGE_STANDARD = gnu11;
				GCC_NO_COMMON_BLOCKS = YES;
				GCC_WARN_64_TO_32_BIT_CONVERSION = YES;
				GCC_WARN_ABOUT_RETURN_TYPE = YES_ERROR;
				GCC_WARN_UNDECLARED_SELECTOR = YES;
				GCC_WARN_UNINITIALIZED_AUTOS = YES_AGGRESSIVE;
				GCC_WARN_UNUSED_FUNCTION = YES;
				GCC_WARN_UNUSED_VARIABLE = YES;
				IPHONEOS_DEPLOYMENT_TARGET = 14.5;
				MTL_ENABLE_DEBUG_INFO = NO;
				MTL_FAST_MATH = YES;
				SDKROOT = iphoneos;
				SWIFT_COMPILATION_MODE = wholemodule;
				SWIFT_OPTIMIZATION_LEVEL = "-O";
				VALIDATE_PRODUCT = YES;
			};
			name = Release;
		};
		4186632426ECFA3C0088C28D /* Debug */ = {
			isa = XCBuildConfiguration;
			buildSettings = {
				ASSETCATALOG_COMPILER_APPICON_NAME = AppIcon;
				ASSETCATALOG_COMPILER_GLOBAL_ACCENT_COLOR_NAME = AccentColor;
				CODE_SIGN_STYLE = Automatic;
				DEVELOPMENT_TEAM = 8A4HTMPS6P;
				INFOPLIST_FILE = "Localization-Example/Info.plist";
				LD_RUNPATH_SEARCH_PATHS = (
					"$(inherited)",
					"@executable_path/Frameworks",
				);
				PRODUCT_BUNDLE_IDENTIFIER = "com.belalsamy.Localization-Example";
				PRODUCT_NAME = "$(TARGET_NAME)";
				SWIFT_VERSION = 5.0;
				TARGETED_DEVICE_FAMILY = "1,2";
			};
			name = Debug;
		};
		4186632526ECFA3C0088C28D /* Release */ = {
			isa = XCBuildConfiguration;
			buildSettings = {
				ASSETCATALOG_COMPILER_APPICON_NAME = AppIcon;
				ASSETCATALOG_COMPILER_GLOBAL_ACCENT_COLOR_NAME = AccentColor;
				CODE_SIGN_STYLE = Automatic;
				DEVELOPMENT_TEAM = 8A4HTMPS6P;
				INFOPLIST_FILE = "Localization-Example/Info.plist";
				LD_RUNPATH_SEARCH_PATHS = (
					"$(inherited)",
					"@executable_path/Frameworks",
				);
				PRODUCT_BUNDLE_IDENTIFIER = "com.belalsamy.Localization-Example";
				PRODUCT_NAME = "$(TARGET_NAME)";
				SWIFT_VERSION = 5.0;
				TARGETED_DEVICE_FAMILY = "1,2";
			};
			name = Release;
		};
/* End XCBuildConfiguration section */

/* Begin XCConfigurationList section */
		4186630A26ECFA3A0088C28D /* Build configuration list for PBXProject "Localization-Example" */ = {
			isa = XCConfigurationList;
			buildConfigurations = (
				4186632126ECFA3C0088C28D /* Debug */,
				4186632226ECFA3C0088C28D /* Release */,
			);
			defaultConfigurationIsVisible = 0;
			defaultConfigurationName = Release;
		};
		4186632326ECFA3C0088C28D /* Build configuration list for PBXNativeTarget "Localization-Example" */ = {
			isa = XCConfigurationList;
			buildConfigurations = (
				4186632426ECFA3C0088C28D /* Debug */,
				4186632526ECFA3C0088C28D /* Release */,
			);
			defaultConfigurationIsVisible = 0;
			defaultConfigurationName = Release;
		};
/* End XCConfigurationList section */
	};
	rootObject = 4186630726ECFA3A0088C28D /* Project object */;
}
